# THIS IS AN AUTOGENERATED FILE. DO NOT EDIT THIS FILE DIRECTLY.
# yarn lockfile v1


"@fortawesome/fontawesome-free@^6.4.0":
  version "6.4.0"
  resolved "https://registry.yarnpkg.com/@fortawesome/fontawesome-free/-/fontawesome-free-6.4.0.tgz#1ee0c174e472c84b23cb46c995154dc383e3b4fe"
  integrity sha512-0NyytTlPJwB/BF5LtRV8rrABDbe3TdTXqNB3PdZ+UUUZAEIrdOJdmABqKjt4AXwIoJNaRVVZEXxpNrqvE1GAYQ==

arctic_admin@^4.2.2:
  version "4.2.2"
  resolved "https://registry.yarnpkg.com/arctic_admin/-/arctic_admin-4.2.2.tgz#9d4ec916889d3ef083e7d357c7f16262f5c60b82"
  integrity sha512-aclETiOq0Ur3qV/fA9L+HbllOOGyrOtsRd7XhNnP1XnMbZR+GBDmMywKBCmiJ+7Fz08sVlEy83+s+d4ULFrzrw==
